
Microsoft Visual Studio Solution File, Format Version 12.00
# Visual Studio Version 16
VisualStudioVersion = 16.0.28803.352
MinimumVisualStudioVersion = 10.0.40219.1
Project("{FAE04EC0-301F-11D3-BF4B-00C04F79EFBC}") = "iDDD.Ch.5.Entity", "iDDD.Ch.5.Entity\iDDD.Ch.5.Entity.csproj", "{F14F9522-F1CB-4E73-8038-15C6FCA1E993}"
EndProject
Global
	GlobalSection(SolutionConfigurationPlatforms) = preSolution
		Debug|Any CPU = Debug|Any CPU
		Release|Any CPU = Release|Any CPU
	EndGlobalSection
	GlobalSection(ProjectConfigurationPlatforms) = postSolution
		{F14F9522-F1CB-4E73-8038-15C6FCA1E993}.Debug|Any CPU.ActiveCfg = Debug|Any CPU
		{F14F9522-F1CB-4E73-8038-15C6FCA1E993}.Debug|Any CPU.Build.0 = Debug|Any CPU
		{F14F9522-F1CB-4E73-8038-15C6FCA1E993}.Release|Any CPU.ActiveCfg = Release|Any CPU
		{F14F9522-F1CB-4E73-8038-15C6FCA1E993}.Release|Any CPU.Build.0 = Release|Any CPU
	EndGlobalSection
	GlobalSection(SolutionProperties) = preSolution
		HideSolutionNode = FALSE
	EndGlobalSection
	GlobalSection(ExtensibilityGlobals) = postSolution
		SolutionGuid = {F7004E73-9D16-469E-B0F1-7093BB2D0049}
	EndGlobalSection
EndGlobal
